# This file is automatically @generated by Cargo.
# It is not intended for manual editing.
version = 3

[[package]]
name = "bounded-integer"
version = "0.5.7"
source = "registry+https://github.com/rust-lang/crates.io-index"
checksum = "78a6932c88f1d2c29533a3b8a5f5a2f84cc19c3339b431677c3160c5c2e6ca85"

[[package]]
name = "solitaire"
version = "0.1.0"
dependencies = [
 "bounded-integer",
]
